
Microsoft Visual Studio Solution File, Format Version 12.00
# Visual Studio Version 16
VisualStudioVersion = 16.0.34407.143
MinimumVisualStudioVersion = 10.0.40219.1
Project("{FAE04EC0-301F-11D3-BF4B-00C04F79EFBC}") = "Models", "Models\Models.csproj", "{EE999704-5285-4D97-A760-FED54BA3732B}"
EndProject
Project("{FAE04EC0-301F-11D3-BF4B-00C04F79EFBC}") = "DataAccess", "DataAccess\DataAccess.csproj", "{0C3693D5-F381-4D0F-A5B8-B5194C169E95}"
EndProject
Project("{FAE04EC0-301F-11D3-BF4B-00C04F79EFBC}") = "Services", "Services\Services.csproj", "{B3ED0E14-F991-4854-AB50-5355582FC1A4}"
EndProject
Global
	GlobalSection(SolutionConfigurationPlatforms) = preSolution
		Debug|Any CPU = Debug|Any CPU
		Release|Any CPU = Release|Any CPU
	EndGlobalSection
	GlobalSection(ProjectConfigurationPlatforms) = postSolution
		{EE999704-5285-4D97-A760-FED54BA3732B}.Debug|Any CPU.ActiveCfg = Debug|Any CPU
		{EE999704-5285-4D97-A760-FED54BA3732B}.Debug|Any CPU.Build.0 = Debug|Any CPU
		{EE999704-5285-4D97-A760-FED54BA3732B}.Release|Any CPU.ActiveCfg = Release|Any CPU
		{EE999704-5285-4D97-A760-FED54BA3732B}.Release|Any CPU.Build.0 = Release|Any CPU
		{0C3693D5-F381-4D0F-A5B8-B5194C169E95}.Debug|Any CPU.ActiveCfg = Debug|Any CPU
		{0C3693D5-F381-4D0F-A5B8-B5194C169E95}.Debug|Any CPU.Build.0 = Debug|Any CPU
		{0C3693D5-F381-4D0F-A5B8-B5194C169E95}.Release|Any CPU.ActiveCfg = Release|Any CPU
		{0C3693D5-F381-4D0F-A5B8-B5194C169E95}.Release|Any CPU.Build.0 = Release|Any CPU
		{B3ED0E14-F991-4854-AB50-5355582FC1A4}.Debug|Any CPU.ActiveCfg = Debug|Any CPU
		{B3ED0E14-F991-4854-AB50-5355582FC1A4}.Debug|Any CPU.Build.0 = Debug|Any CPU
		{B3ED0E14-F991-4854-AB50-5355582FC1A4}.Release|Any CPU.ActiveCfg = Release|Any CPU
		{B3ED0E14-F991-4854-AB50-5355582FC1A4}.Release|Any CPU.Build.0 = Release|Any CPU
	EndGlobalSection
	GlobalSection(SolutionProperties) = preSolution
		HideSolutionNode = FALSE
	EndGlobalSection
	GlobalSection(ExtensibilityGlobals) = postSolution
		SolutionGuid = {CA22F861-0FB6-4D90-808D-126189308E97}
	EndGlobalSection
EndGlobal
